
Microsoft Visual Studio Solution File, Format Version 12.00
# Visual Studio 2013
VisualStudioVersion = 12.0.30110.0
MinimumVisualStudioVersion = 10.0.40219.1
Project("{FAE04EC0-301F-11D3-BF4B-00C04F79EFBC}") = "MigSharpSQL", "MigSharpSQL\MigSharpSQL.csproj", "{39265019-9E05-41AD-9353-DA4354C05086}"
EndProject
Project("{FAE04EC0-301F-11D3-BF4B-00C04F79EFBC}") = "MigSharpSQL.Test", "MigSharpSQL.Test\MigSharpSQL.Test.csproj", "{08AA9BE0-8BFB-4401-BC05-6084E1A30497}"
EndProject
Project("{2150E333-8FDC-42A3-9474-1A3956D46DE8}") = ".nuget", ".nuget", "{266A2364-0393-4B98-A875-003F7B472832}"
	ProjectSection(SolutionItems) = preProject
		.nuget\MigSharpSQL.nuspec = .nuget\MigSharpSQL.nuspec
		.nuget\NuGet.Config = .nuget\NuGet.Config
		.nuget\NuGet.exe = .nuget\NuGet.exe
		.nuget\NuGet.targets = .nuget\NuGet.targets
	EndProjectSection
EndProject
Global
	GlobalSection(SolutionConfigurationPlatforms) = preSolution
		Debug|Any CPU = Debug|Any CPU
		Release|Any CPU = Release|Any CPU
	EndGlobalSection
	GlobalSection(ProjectConfigurationPlatforms) = postSolution
		{39265019-9E05-41AD-9353-DA4354C05086}.Debug|Any CPU.ActiveCfg = Debug|Any CPU
		{39265019-9E05-41AD-9353-DA4354C05086}.Debug|Any CPU.Build.0 = Debug|Any CPU
		{39265019-9E05-41AD-9353-DA4354C05086}.Release|Any CPU.ActiveCfg = Release|Any CPU
		{39265019-9E05-41AD-9353-DA4354C05086}.Release|Any CPU.Build.0 = Release|Any CPU
		{08AA9BE0-8BFB-4401-BC05-6084E1A30497}.Debug|Any CPU.ActiveCfg = Debug|Any CPU
		{08AA9BE0-8BFB-4401-BC05-6084E1A30497}.Debug|Any CPU.Build.0 = Debug|Any CPU
		{08AA9BE0-8BFB-4401-BC05-6084E1A30497}.Release|Any CPU.ActiveCfg = Release|Any CPU
		{08AA9BE0-8BFB-4401-BC05-6084E1A30497}.Release|Any CPU.Build.0 = Release|Any CPU
	EndGlobalSection
	GlobalSection(SolutionProperties) = preSolution
		HideSolutionNode = FALSE
	EndGlobalSection
EndGlobal
